// !$*UTF8*$!
{
	archiveVersion = 1;
	classes = {
	};
	objectVersion = 50;
	objects = {

/* Begin PBXBuildFile section */
		781FB49621EC87270055DBC5 /* AppDelegate.swift in Sources */ = {isa = PBXBuildFile; fileRef = 781FB49521EC87270055DBC5 /* AppDelegate.swift */; };
		781FB49821EC87270055DBC5 /* MainViewController.swift in Sources */ = {isa = PBXBuildFile; fileRef = 781FB49721EC87270055DBC5 /* MainViewController.swift */; };
		781FB49B21EC87270055DBC5 /* Main.storyboard in Resources */ = {isa = PBXBuildFile; fileRef = 781FB49921EC87270055DBC5 /* Main.storyboard */; };
		781FB49D21EC87280055DBC5 /* Assets.xcassets in Resources */ = {isa = PBXBuildFile; fileRef = 781FB49C21EC87280055DBC5 /* Assets.xcassets */; };
		781FB4A021EC87280055DBC5 /* LaunchScreen.storyboard in Resources */ = {isa = PBXBuildFile; fileRef = 781FB49E21EC87280055DBC5 /* LaunchScreen.storyboard */; };
		781FB4A821EC87B80055DBC5 /* Ducks.swift in Sources */ = {isa = PBXBuildFile; fileRef = 781FB4A721EC87B80055DBC5 /* Ducks.swift */; };
/* End PBXBuildFile section */

/* Begin PBXFileReference section */
		781FB49221EC87270055DBC5 /* DependancyInjection.app */ = {isa = PBXFileReference; explicitFileType = wrapper.application; includeInIndex = 0; path = DependancyInjection.app; sourceTree = BUILT_PRODUCTS_DIR; };
		781FB49521EC87270055DBC5 /* AppDelegate.swift */ = {isa = PBXFileReference; lastKnownFileType = sourcecode.swift; path = AppDelegate.swift; sourceTree = "<group>"; };
		781FB49721EC87270055DBC5 /* MainViewController.swift */ = {isa = PBXFileReference; lastKnownFileType = sourcecode.swift; path = MainViewController.swift; sourceTree = "<group>"; };
		781FB49A21EC87270055DBC5 /* Base */ = {isa = PBXFileReference; lastKnownFileType = file.storyboard; name = Base; path = Base.lproj/Main.storyboard; sourceTree = "<group>"; };
		781FB49C21EC87280055DBC5 /* Assets.xcassets */ = {isa = PBXFileReference; lastKnownFileType = folder.assetcatalog; path = Assets.xcassets; sourceTree = "<group>"; };
		781FB49F21EC87280055DBC5 /* Base */ = {isa = PBXFileReference; lastKnownFileType = file.storyboard; name = Base; path = Base.lproj/LaunchScreen.storyboard; sourceTree = "<group>"; };
		781FB4A121EC87280055DBC5 /* Info.plist */ = {isa = PBXFileReference; lastKnownFileType = text.plist.xml; path = Info.plist; sourceTree = "<group>"; };
		781FB4A721EC87B80055DBC5 /* Ducks.swift */ = {isa = PBXFileReference; lastKnownFileType = sourcecode.swift; path = Ducks.swift; sourceTree = "<group>"; };
/* End PBXFileReference section */

/* Begin PBXFrameworksBuildPhase section */
		781FB48F21EC87270055DBC5 /* Frameworks */ = {
			isa = PBXFrameworksBuildPhase;
			buildActionMask = 2147483647;
			files = (
			);
			runOnlyForDeploymentPostprocessing = 0;
		};
/* End PBXFrameworksBuildPhase section */

/* Begin PBXGroup section */
		781FB48921EC87270055DBC5 = {
			isa = PBXGroup;
			children = (
				781FB49421EC87270055DBC5 /* DependancyInjection */,
				781FB49321EC87270055DBC5 /* Products */,
			);
			sourceTree = "<group>";
		};
		781FB49321EC87270055DBC5 /* Products */ = {
			isa = PBXGroup;
			children = (
				781FB49221EC87270055DBC5 /* DependancyInjection.app */,
			);
			name = Products;
			sourceTree = "<group>";
		};
		781FB49421EC87270055DBC5 /* DependancyInjection */ = {
			isa = PBXGroup;
			children = (
				781FB49521EC87270055DBC5 /* AppDelegate.swift */,
				781FB49721EC87270055DBC5 /* MainViewController.swift */,
				781FB49921EC87270055DBC5 /* Main.storyboard */,
				781FB49C21EC87280055DBC5 /* Assets.xcassets */,
				781FB49E21EC87280055DBC5 /* LaunchScreen.storyboard */,
				781FB4A121EC87280055DBC5 /* Info.plist */,
				781FB4A721EC87B80055DBC5 /* Ducks.swift */,
			);
			path = DependancyInjection;
			sourceTree = "<group>";
		};
/* End PBXGroup section */

/* Begin PBXNativeTarget section */
		781FB49121EC87270055DBC5 /* DependancyInjection */ = {
			isa = PBXNativeTarget;
			buildConfigurationList = 781FB4A421EC87280055DBC5 /* Build configuration list for PBXNativeTarget "DependancyInjection" */;
			buildPhases = (
				781FB48E21EC87270055DBC5 /* Sources */,
				781FB48F21EC87270055DBC5 /* Frameworks */,
				781FB49021EC87270055DBC5 /* Resources */,
			);
			buildRules = (
			);
			dependencies = (
			);
			name = DependancyInjection;
			productName = DependancyInjection;
			productReference = 781FB49221EC87270055DBC5 /* DependancyInjection.app */;
			productType = "com.apple.product-type.application";
		};
/* End PBXNativeTarget section */

/* Begin PBXProject section */
		781FB48A21EC87270055DBC5 /* Project object */ = {
			isa = PBXProject;
			attributes = {
				LastSwiftUpdateCheck = 0940;
				LastUpgradeCheck = 0940;
				ORGANIZATIONNAME = LogicSoftZone;
				TargetAttributes = {
					781FB49121EC87270055DBC5 = {
						CreatedOnToolsVersion = 9.4.1;
					};
				};
			};
			buildConfigurationList = 781FB48D21EC87270055DBC5 /* Build configuration list for PBXProject "DependancyInjection" */;
			compatibilityVersion = "Xcode 9.3";
			developmentRegion = en;
			hasScannedForEncodings = 0;
			knownRegions = (
				en,
				Base,
			);
			mainGroup = 781FB48921EC87270055DBC5;
			productRefGroup = 781FB49321EC87270055DBC5 /* Products */;
			projectDirPath = "";
			projectRoot = "";
			targets = (
				781FB49121EC87270055DBC5 /* DependancyInjection */,
			);
		};
/* End PBXProject section */

/* Begin PBXResourcesBuildPhase section */
		781FB49021EC87270055DBC5 /* Resources */ = {
			isa = PBXResourcesBuildPhase;
			buildActionMask = 2147483647;
			files = (
				781FB4A021EC87280055DBC5 /* LaunchScreen.storyboard in Resources */,
				781FB49D21EC87280055DBC5 /* Assets.xcassets in Resources */,
				781FB49B21EC87270055DBC5 /* Main.storyboard in Resources */,
			);
			runOnlyForDeploymentPostprocessing = 0;
		};
/* End PBXResourcesBuildPhase section */

/* Begin PBXSourcesBuildPhase section */
		781FB48E21EC87270055DBC5 /* Sources */ = {
			isa = PBXSourcesBuildPhase;
			buildActionMask = 2147483647;
			files = (
				781FB49821EC87270055DBC5 /* MainViewController.swift in Sources */,
				781FB49621EC87270055DBC5 /* AppDelegate.swift in Sources */,
				781FB4A821EC87B80055DBC5 /* Ducks.swift in Sources */,
			);
			runOnlyForDeploymentPostprocessing = 0;
		};
/* End PBXSourcesBuildPhase section */

/* Begin PBXVariantGroup section */
		781FB49921EC87270055DBC5 /* Main.storyboard */ = {
			isa = PBXVariantGroup;
			children = (
				781FB49A21EC87270055DBC5 /* Base */,
			);
			name = Main.storyboard;
			sourceTree = "<group>";
		};
		781FB49E21EC87280055DBC5 /* LaunchScreen.storyboard */ = {
			isa = PBXVariantGroup;
			children = (
				781FB49F21EC87280055DBC5 /* Base */,
			);
			name = LaunchScreen.storyboard;
			sourceTree = "<group>";
		};
/* End PBXVariantGroup section */

/* Begin XCBuildConfiguration section */
		781FB4A221EC87280055DBC5 /* Debug */ = {
			isa = XCBuildConfiguration;
			buildSettings = {
				ALWAYS_SEARCH_USER_PATHS = NO;
				CLANG_ANALYZER_NONNULL = YES;
				CLANG_ANALYZER_NUMBER_OBJECT_CONVERSION = YES_AGGRESSIVE;
				CLANG_CXX_LANGUAGE_STANDARD = "gnu++14";
				CLANG_CXX_LIBRARY = "libc++";
				CLANG_ENABLE_MODULES = YES;
				CLANG_ENABLE_OBJC_ARC = YES;
				CLANG_ENABLE_OBJC_WEAK = YES;
				CLANG_WARN_BLOCK_CAPTURE_AUTORELEASING = YES;
				CLANG_WARN_BOOL_CONVERSION = YES;
				CLANG_WARN_COMMA = YES;
				CLANG_WARN_CONSTANT_CONVERSION = YES;
				CLANG_WARN_DEPRECATED_OBJC_IMPLEMENTATIONS = YES;
				CLANG_WARN_DIRECT_OBJC_ISA_USAGE = YES_ERROR;
				CLANG_WARN_DOCUMENTATION_COMMENTS = YES;
				CLANG_WARN_EMPTY_BODY = YES;
				CLANG_WARN_ENUM_CONVERSION = YES;
				CLANG_WARN_INFINITE_RECURSION = YES;
				CLANG_WARN_INT_CONVERSION = YES;
				CLANG_WARN_NON_LITERAL_NULL_CONVERSION = YES;
				CLANG_WARN_OBJC_IMPLICIT_RETAIN_SELF = YES;
				CLANG_WARN_OBJC_LITERAL_CONVERSION = YES;
				CLANG_WARN_OBJC_ROOT_CLASS = YES_ERROR;
				CLANG_WARN_RANGE_LOOP_ANALYSIS = YES;
				CLANG_WARN_STRICT_PROTOTYPES = YES;
				CLANG_WARN_SUSPICIOUS_MOVE = YES;
				CLANG_WARN_UNGUARDED_AVAILABILITY = YES_AGGRESSIVE;
				CLANG_WARN_UNREACHABLE_CODE = YES;
				CLANG_WARN__DUPLICATE_METHOD_MATCH = YES;
				CODE_SIGN_IDENTITY = "iPhone Developer";
				COPY_PHASE_STRIP = NO;
				DEBUG_INFORMATION_FORMAT = dwarf;
				ENABLE_STRICT_OBJC_MSGSEND = YES;
				ENABLE_TESTABILITY = YES;
				GCC_C_LANGUAGE_STANDARD = gnu11;
				GCC_DYNAMIC_NO_PIC = NO;
				GCC_NO_COMMON_BLOCKS = YES;
				GCC_OPTIMIZATION_LEVEL = 0;
				GCC_PREPROCESSOR_DEFINITIONS = (
					"DEBUG=1",
					"$(inherited)",
				);
				GCC_WARN_64_TO_32_BIT_CONVERSION = YES;
				GCC_WARN_ABOUT_RETURN_TYPE = YES_ERROR;
				GCC_WARN_UNDECLARED_SELECTOR = YES;
				GCC_WARN_UNINITIALIZED_AUTOS = YES_AGGRESSIVE;
				GCC_WARN_UNUSED_FUNCTION = YES;
				GCC_WARN_UNUSED_VARIABLE = YES;
				IPHONEOS_DEPLOYMENT_TARGET = 11.4;
				MTL_ENABLE_DEBUG_INFO = YES;
				ONLY_ACTIVE_ARCH = YES;
				SDKROOT = iphoneos;
				SWIFT_ACTIVE_COMPILATION_CONDITIONS = DEBUG;
				SWIFT_OPTIMIZATION_LEVEL = "-Onone";
			};
			name = Debug;
		};
		781FB4A321EC87280055DBC5 /* Release */ = {
			isa = XCBuildConfiguration;
			buildSettings = {
				ALWAYS_SEARCH_USER_PATHS = NO;
				CLANG_ANALYZER_NONNULL = YES;
				CLANG_ANALYZER_NUMBER_OBJECT_CONVERSION = YES_AGGRESSIVE;
				CLANG_CXX_LANGUAGE_STANDARD = "gnu++14";
				CLANG_CXX_LIBRARY = "libc++";
				CLANG_ENABLE_MODULES = YES;
				CLANG_ENABLE_OBJC_ARC = YES;
				CLANG_ENABLE_OBJC_WEAK = YES;
				CLANG_WARN_BLOCK_CAPTURE_AUTORELEASING = YES;
				CLANG_WARN_BOOL_CONVERSION = YES;
				CLANG_WARN_COMMA = YES;
				CLANG_WARN_CONSTANT_CONVERSION = YES;
				CLANG_WARN_DEPRECATED_OBJC_IMPLEMENTATIONS = YES;
				CLANG_WARN_DIRECT_OBJC_ISA_USAGE = YES_ERROR;
				CLANG_WARN_DOCUMENTATION_COMMENTS = YES;
				CLANG_WARN_EMPTY_BODY = YES;
				CLANG_WARN_ENUM_CONVERSION = YES;
				CLANG_WARN_INFINITE_RECURSION = YES;
				CLANG_WARN_INT_CONVERSION = YES;
				CLANG_WARN_NON_LITERAL_NULL_CONVERSION = YES;
				CLANG_WARN_OBJC_IMPLICIT_RETAIN_SELF = YES;
				CLANG_WARN_OBJC_LITERAL_CONVERSION = YES;
				CLANG_WARN_OBJC_ROOT_CLASS = YES_ERROR;
				CLANG_WARN_RANGE_LOOP_ANALYSIS = YES;
				CLANG_WARN_STRICT_PROTOTYPES = YES;
				CLANG_WARN_SUSPICIOUS_MOVE = YES;
				CLANG_WARN_UNGUARDED_AVAILABILITY = YES_AGGRESSIVE;
				CLANG_WARN_UNREACHABLE_CODE = YES;
				CLANG_WARN__DUPLICATE_METHOD_MATCH = YES;
				CODE_SIGN_IDENTITY = "iPhone Developer";
				COPY_PHASE_STRIP = NO;
				DEBUG_INFORMATION_FORMAT = "dwarf-with-dsym";
				ENABLE_NS_ASSERTIONS = NO;
				ENABLE_STRICT_OBJC_MSGSEND = YES;
				GCC_C_LANGUAGE_STANDARD = gnu11;
				GCC_NO_COMMON_BLOCKS = YES;
				GCC_WARN_64_TO_32_BIT_CONVERSION = YES;
				GCC_WARN_ABOUT_RETURN_TYPE = YES_ERROR;
				GCC_WARN_UNDECLARED_SELECTOR = YES;
				GCC_WARN_UNINITIALIZED_AUTOS = YES_AGGRESSIVE;
				GCC_WARN_UNUSED_FUNCTION = YES;
				GCC_WARN_UNUSED_VARIABLE = YES;
				IPHONEOS_DEPLOYMENT_TARGET = 11.4;
				MTL_ENABLE_DEBUG_INFO = NO;
				SDKROOT = iphoneos;
				SWIFT_COMPILATION_MODE = wholemodule;
				SWIFT_OPTIMIZATION_LEVEL = "-O";
				VALIDATE_PRODUCT = YES;
			};
			name = Release;
		};
		781FB4A521EC87280055DBC5 /* Debug */ = {
			isa = XCBuildConfiguration;
			buildSettings = {
				ASSETCATALOG_COMPILER_APPICON_NAME = AppIcon;
				CODE_SIGN_STYLE = Automatic;
				DEVELOPMENT_TEAM = F9F6HSFWVT;
				INFOPLIST_FILE = DependancyInjection/Info.plist;
				LD_RUNPATH_SEARCH_PATHS = (
					"$(inherited)",
					"@executable_path/Frameworks",
				);
				PRODUCT_BUNDLE_IDENTIFIER = com.lsz.DependancyInjection;
				PRODUCT_NAME = "$(TARGET_NAME)";
				SWIFT_VERSION = 4.0;
				TARGETED_DEVICE_FAMILY = "1,2";
			};
			name = Debug;
		};
		781FB4A621EC87280055DBC5 /* Release */ = {
			isa = XCBuildConfiguration;
			buildSettings = {
				ASSETCATALOG_COMPILER_APPICON_NAME = AppIcon;
				CODE_SIGN_STYLE = Automatic;
				DEVELOPMENT_TEAM = F9F6HSFWVT;
				INFOPLIST_FILE = DependancyInjection/Info.plist;
				LD_RUNPATH_SEARCH_PATHS = (
					"$(inherited)",
					"@executable_path/Frameworks",
				);
				PRODUCT_BUNDLE_IDENTIFIER = com.lsz.DependancyInjection;
				PRODUCT_NAME = "$(TARGET_NAME)";
				SWIFT_VERSION = 4.0;
				TARGETED_DEVICE_FAMILY = "1,2";
			};
			name = Release;
		};
/* End XCBuildConfiguration section */

/* Begin XCConfigurationList section */
		781FB48D21EC87270055DBC5 /* Build configuration list for PBXProject "DependancyInjection" */ = {
			isa = XCConfigurationList;
			buildConfigurations = (
				781FB4A221EC87280055DBC5 /* Debug */,
				781FB4A321EC87280055DBC5 /* Release */,
			);
			defaultConfigurationIsVisible = 0;
			defaultConfigurationName = Release;
		};
		781FB4A421EC87280055DBC5 /* Build configuration list for PBXNativeTarget "DependancyInjection" */ = {
			isa = XCConfigurationList;
			buildConfigurations = (
				781FB4A521EC87280055DBC5 /* Debug */,
				781FB4A621EC87280055DBC5 /* Release */,
			);
			defaultConfigurationIsVisible = 0;
			defaultConfigurationName = Release;
		};
/* End XCConfigurationList section */
	};
	rootObject = 781FB48A21EC87270055DBC5 /* Project object */;
}
